{
  "nodes": {
    "flake-utils": {
      "inputs": {
        "systems": "systems"
      },
      "locked": {
        "lastModified": 1694529238,
        "narHash": "sha256-zsNZZGTGnMOf9YpHKJqMSsa0dXbfmxeoJ7xHlrt+xmY=",
        "owner": "numtide",
        "repo": "flake-utils",
        "rev": "ff7b65b44d01cf9ba6a71320833626af21126384",
        "type": "github"
      },
      "original": {
        "owner": "numtide",
        "repo": "flake-utils",
        "type": "github"
      }
    },
    "nixpkgs": {
      "locked": {
        "lastModified": 1697493557,
        "narHash": "sha256-oPpn4qaP0M1c4PfTJLMY/gmImnFKUjRg6kXDn8C8PXo=",
        "owner": "nixos",
        "repo": "nixpkgs",
        "rev": "f19166f1cb67c0350330d6790cd0ee633bc17a7e",
        "type": "github"
      },
      "original": {
        "owner": "nixos",
        "repo": "nixpkgs",
        "type": "github"
      }
    },
    "panhandle": {
      "flake": false,
      "locked": {
        "lastModified": 1698436981,
        "narHash": "sha256-qJM0BcYvf+EgUh0LOfHP45N0YULB5/5GCkHfbIizKI4=",
        "owner": "Lugarun",
        "repo": "panhandle",
        "rev": "c489acf1f4e275dd376967c9c28b9337679922a0",
        "type": "github"
      },
      "original": {
        "owner": "Lugarun",
        "repo": "panhandle",
        "type": "github"
      }
    },
    "panpipe": {
      "flake": false,
      "locked": {
        "lastModified": 1698436341,
        "narHash": "sha256-GZpjTXloP3Ir62rAAMGt1TO1ATI9sR9REUdcaz/vcoU=",
        "owner": "Lugarun",
        "repo": "panpipe",
        "rev": "8132f71203880f583fa4779ad0703ba653c41767",
        "type": "github"
      },
      "original": {
        "owner": "Lugarun",
        "repo": "panpipe",
        "type": "github"
      }
    },
    "root": {
      "inputs": {
        "flake-utils": "flake-utils",
        "nixpkgs": "nixpkgs",
        "panhandle": "panhandle",
        "panpipe": "panpipe"
      }
    },
    "systems": {
      "locked": {
        "lastModified": 1681028828,
        "narHash": "sha256-Vy1rq5AaRuLzOxct8nz4T6wlgyUR7zLU309k9mBC768=",
        "owner": "nix-systems",
        "repo": "default",
        "rev": "da67096a3b9bf56a91d16901293e51ba5b49a27e",
        "type": "github"
      },
      "original": {
        "owner": "nix-systems",
        "repo": "default",
        "type": "github"
      }
    }
  },
  "root": "root",
  "version": 7
}
