{
  "nodes": {
    "hakyll": {
      "flake": false,
      "locked": {
        "lastModified": 1695243027,
        "narHash": "sha256-8nANgK0JuW1xJrLI18RSo5D/hwu9kDATFZgoH5UY+tQ=",
        "owner": "jaspervdj",
        "repo": "hakyll",
        "rev": "296dbdc4eafa8a907ad5fd676facd5e52d8de850",
        "type": "github"
      },
      "original": {
        "owner": "jaspervdj",
        "repo": "hakyll",
        "type": "github"
      }
    },
    "nixpkgs": {
      "locked": {
        "lastModified": 1696419054,
        "narHash": "sha256-EdR+dIKCfqL3voZUDYwcvgRDOektQB9KbhBVcE0/3Mo=",
        "owner": "NixOS",
        "repo": "nixpkgs",
        "rev": "7131f3c223a2d799568e4b278380cd9dac2b8579",
        "type": "github"
      },
      "original": {
        "id": "nixpkgs",
        "type": "indirect"
      }
    },
    "root": {
      "inputs": {
        "hakyll": "hakyll",
        "nixpkgs": "nixpkgs"
      }
    }
  },
  "root": "root",
  "version": 7
}
